// !$*UTF8*$!
{
	archiveVersion = 1;
	classes = {
	};
	objectVersion = 56;
	objects = {

/* Begin PBXFileReference section */
		0896F7E829DAE4CE002DFC71 /* MyPlayground.playground */ = {isa = PBXFileReference; lastKnownFileType = file.playground; path = MyPlayground.playground; sourceTree = "<group>"; xcLanguageSpecificationIdentifier = xcode.lang.swift; };
/* End PBXFileReference section */

/* Begin PBXGroup section */
		0896F7E129DAE470002DFC71 = {
			isa = PBXGroup;
			children = (
				0896F7E829DAE4CE002DFC71 /* MyPlayground.playground */,
			);
			sourceTree = "<group>";
		};
/* End PBXGroup section */

/* Begin PBXProject section */
		0896F7E229DAE470002DFC71 /* Project object */ = {
			isa = PBXProject;
			attributes = {
				BuildIndependentTargetsInParallel = 1;
				LastUpgradeCheck = 1430;
			};
			buildConfigurationList = 0896F7E529DAE470002DFC71 /* Build configuration list for PBXProject "playground" */;
			compatibilityVersion = "Xcode 14.0";
			developmentRegion = en;
			hasScannedForEncodings = 0;
			knownRegions = (
				en,
				Base,
			);
			mainGroup = 0896F7E129DAE470002DFC71;
			projectDirPath = "";
			projectRoot = "";
			targets = (
			);
		};
/* End PBXProject section */

/* Begin XCBuildConfiguration section */
		0896F7E629DAE470002DFC71 /* Debug */ = {
			isa = XCBuildConfiguration;
			buildSettings = {
			};
			name = Debug;
		};
		0896F7E729DAE470002DFC71 /* Release */ = {
			isa = XCBuildConfiguration;
			buildSettings = {
			};
			name = Release;
		};
/* End XCBuildConfiguration section */

/* Begin XCConfigurationList section */
		0896F7E529DAE470002DFC71 /* Build configuration list for PBXProject "playground" */ = {
			isa = XCConfigurationList;
			buildConfigurations = (
				0896F7E629DAE470002DFC71 /* Debug */,
				0896F7E729DAE470002DFC71 /* Release */,
			);
			defaultConfigurationIsVisible = 0;
			defaultConfigurationName = Release;
		};
/* End XCConfigurationList section */
	};
	rootObject = 0896F7E229DAE470002DFC71 /* Project object */;
}
