// !$*UTF8*$!
{
	archiveVersion = 1;
	classes = {
	};
	objectVersion = 56;
	objects = {

/* Begin PBXBuildFile section */
		0896F82C29DC31D3002DFC71 /* AppDelegate.swift in Sources */ = {isa = PBXBuildFile; fileRef = 0896F82B29DC31D3002DFC71 /* AppDelegate.swift */; };
		0896F82E29DC31D3002DFC71 /* SceneDelegate.swift in Sources */ = {isa = PBXBuildFile; fileRef = 0896F82D29DC31D3002DFC71 /* SceneDelegate.swift */; };
		0896F83029DC31D3002DFC71 /* ViewController.swift in Sources */ = {isa = PBXBuildFile; fileRef = 0896F82F29DC31D3002DFC71 /* ViewController.swift */; };
		0896F83329DC31D3002DFC71 /* Main.storyboard in Resources */ = {isa = PBXBuildFile; fileRef = 0896F83129DC31D3002DFC71 /* Main.storyboard */; };
		0896F83529DC31D5002DFC71 /* Assets.xcassets in Resources */ = {isa = PBXBuildFile; fileRef = 0896F83429DC31D5002DFC71 /* Assets.xcassets */; };
		0896F83829DC31D5002DFC71 /* LaunchScreen.storyboard in Resources */ = {isa = PBXBuildFile; fileRef = 0896F83629DC31D5002DFC71 /* LaunchScreen.storyboard */; };
		0896F84329DC31D5002DFC71 /* AutoLayout_test1Tests.swift in Sources */ = {isa = PBXBuildFile; fileRef = 0896F84229DC31D5002DFC71 /* AutoLayout_test1Tests.swift */; };
		0896F84D29DC31D5002DFC71 /* AutoLayout_test1UITests.swift in Sources */ = {isa = PBXBuildFile; fileRef = 0896F84C29DC31D5002DFC71 /* AutoLayout_test1UITests.swift */; };
		0896F84F29DC31D5002DFC71 /* AutoLayout_test1UITestsLaunchTests.swift in Sources */ = {isa = PBXBuildFile; fileRef = 0896F84E29DC31D5002DFC71 /* AutoLayout_test1UITestsLaunchTests.swift */; };
/* End PBXBuildFile section */

/* Begin PBXContainerItemProxy section */
		0896F83F29DC31D5002DFC71 /* PBXContainerItemProxy */ = {
			isa = PBXContainerItemProxy;
			containerPortal = 0896F82029DC31D2002DFC71 /* Project object */;
			proxyType = 1;
			remoteGlobalIDString = 0896F82729DC31D3002DFC71;
			remoteInfo = AutoLayout_test1;
		};
		0896F84929DC31D5002DFC71 /* PBXContainerItemProxy */ = {
			isa = PBXContainerItemProxy;
			containerPortal = 0896F82029DC31D2002DFC71 /* Project object */;
			proxyType = 1;
			remoteGlobalIDString = 0896F82729DC31D3002DFC71;
			remoteInfo = AutoLayout_test1;
		};
/* End PBXContainerItemProxy section */

/* Begin PBXFileReference section */
		0896F82829DC31D3002DFC71 /* AutoLayout_test1.app */ = {isa = PBXFileReference; explicitFileType = wrapper.application; includeInIndex = 0; path = AutoLayout_test1.app; sourceTree = BUILT_PRODUCTS_DIR; };
		0896F82B29DC31D3002DFC71 /* AppDelegate.swift */ = {isa = PBXFileReference; lastKnownFileType = sourcecode.swift; path = AppDelegate.swift; sourceTree = "<group>"; };
		0896F82D29DC31D3002DFC71 /* SceneDelegate.swift */ = {isa = PBXFileReference; lastKnownFileType = sourcecode.swift; path = SceneDelegate.swift; sourceTree = "<group>"; };
		0896F82F29DC31D3002DFC71 /* ViewController.swift */ = {isa = PBXFileReference; lastKnownFileType = sourcecode.swift; path = ViewController.swift; sourceTree = "<group>"; };
		0896F83229DC31D3002DFC71 /* Base */ = {isa = PBXFileReference; lastKnownFileType = file.storyboard; name = Base; path = Base.lproj/Main.storyboard; sourceTree = "<group>"; };
		0896F83429DC31D5002DFC71 /* Assets.xcassets */ = {isa = PBXFileReference; lastKnownFileType = folder.assetcatalog; path = Assets.xcassets; sourceTree = "<group>"; };
		0896F83729DC31D5002DFC71 /* Base */ = {isa = PBXFileReference; lastKnownFileType = file.storyboard; name = Base; path = Base.lproj/LaunchScreen.storyboard; sourceTree = "<group>"; };
		0896F83929DC31D5002DFC71 /* Info.plist */ = {isa = PBXFileReference; lastKnownFileType = text.plist.xml; path = Info.plist; sourceTree = "<group>"; };
		0896F83E29DC31D5002DFC71 /* AutoLayout_test1Tests.xctest */ = {isa = PBXFileReference; explicitFileType = wrapper.cfbundle; includeInIndex = 0; path = AutoLayout_test1Tests.xctest; sourceTree = BUILT_PRODUCTS_DIR; };
		0896F84229DC31D5002DFC71 /* AutoLayout_test1Tests.swift */ = {isa = PBXFileReference; lastKnownFileType = sourcecode.swift; path = AutoLayout_test1Tests.swift; sourceTree = "<group>"; };
		0896F84829DC31D5002DFC71 /* AutoLayout_test1UITests.xctest */ = {isa = PBXFileReference; explicitFileType = wrapper.cfbundle; includeInIndex = 0; path = AutoLayout_test1UITests.xctest; sourceTree = BUILT_PRODUCTS_DIR; };
		0896F84C29DC31D5002DFC71 /* AutoLayout_test1UITests.swift */ = {isa = PBXFileReference; lastKnownFileType = sourcecode.swift; path = AutoLayout_test1UITests.swift; sourceTree = "<group>"; };
		0896F84E29DC31D5002DFC71 /* AutoLayout_test1UITestsLaunchTests.swift */ = {isa = PBXFileReference; lastKnownFileType = sourcecode.swift; path = AutoLayout_test1UITestsLaunchTests.swift; sourceTree = "<group>"; };
/* End PBXFileReference section */

/* Begin PBXFrameworksBuildPhase section */
		0896F82529DC31D3002DFC71 /* Frameworks */ = {
			isa = PBXFrameworksBuildPhase;
			buildActionMask = 2147483647;
			files = (
			);
			runOnlyForDeploymentPostprocessing = 0;
		};
		0896F83B29DC31D5002DFC71 /* Frameworks */ = {
			isa = PBXFrameworksBuildPhase;
			buildActionMask = 2147483647;
			files = (
			);
			runOnlyForDeploymentPostprocessing = 0;
		};
		0896F84529DC31D5002DFC71 /* Frameworks */ = {
			isa = PBXFrameworksBuildPhase;
			buildActionMask = 2147483647;
			files = (
			);
			runOnlyForDeploymentPostprocessing = 0;
		};
/* End PBXFrameworksBuildPhase section */

/* Begin PBXGroup section */
		0896F81F29DC31D2002DFC71 = {
			isa = PBXGroup;
			children = (
				0896F82A29DC31D3002DFC71 /* AutoLayout_test1 */,
				0896F84129DC31D5002DFC71 /* AutoLayout_test1Tests */,
				0896F84B29DC31D5002DFC71 /* AutoLayout_test1UITests */,
				0896F82929DC31D3002DFC71 /* Products */,
			);
			sourceTree = "<group>";
		};
		0896F82929DC31D3002DFC71 /* Products */ = {
			isa = PBXGroup;
			children = (
				0896F82829DC31D3002DFC71 /* AutoLayout_test1.app */,
				0896F83E29DC31D5002DFC71 /* AutoLayout_test1Tests.xctest */,
				0896F84829DC31D5002DFC71 /* AutoLayout_test1UITests.xctest */,
			);
			name = Products;
			sourceTree = "<group>";
		};
		0896F82A29DC31D3002DFC71 /* AutoLayout_test1 */ = {
			isa = PBXGroup;
			children = (
				0896F82B29DC31D3002DFC71 /* AppDelegate.swift */,
				0896F82D29DC31D3002DFC71 /* SceneDelegate.swift */,
				0896F82F29DC31D3002DFC71 /* ViewController.swift */,
				0896F83129DC31D3002DFC71 /* Main.storyboard */,
				0896F83429DC31D5002DFC71 /* Assets.xcassets */,
				0896F83629DC31D5002DFC71 /* LaunchScreen.storyboard */,
				0896F83929DC31D5002DFC71 /* Info.plist */,
			);
			path = AutoLayout_test1;
			sourceTree = "<group>";
		};
		0896F84129DC31D5002DFC71 /* AutoLayout_test1Tests */ = {
			isa = PBXGroup;
			children = (
				0896F84229DC31D5002DFC71 /* AutoLayout_test1Tests.swift */,
			);
			path = AutoLayout_test1Tests;
			sourceTree = "<group>";
		};
		0896F84B29DC31D5002DFC71 /* AutoLayout_test1UITests */ = {
			isa = PBXGroup;
			children = (
				0896F84C29DC31D5002DFC71 /* AutoLayout_test1UITests.swift */,
				0896F84E29DC31D5002DFC71 /* AutoLayout_test1UITestsLaunchTests.swift */,
			);
			path = AutoLayout_test1UITests;
			sourceTree = "<group>";
		};
/* End PBXGroup section */

/* Begin PBXNativeTarget section */
		0896F82729DC31D3002DFC71 /* AutoLayout_test1 */ = {
			isa = PBXNativeTarget;
			buildConfigurationList = 0896F85229DC31D5002DFC71 /* Build configuration list for PBXNativeTarget "AutoLayout_test1" */;
			buildPhases = (
				0896F82429DC31D3002DFC71 /* Sources */,
				0896F82529DC31D3002DFC71 /* Frameworks */,
				0896F82629DC31D3002DFC71 /* Resources */,
			);
			buildRules = (
			);
			dependencies = (
			);
			name = AutoLayout_test1;
			productName = AutoLayout_test1;
			productReference = 0896F82829DC31D3002DFC71 /* AutoLayout_test1.app */;
			productType = "com.apple.product-type.application";
		};
		0896F83D29DC31D5002DFC71 /* AutoLayout_test1Tests */ = {
			isa = PBXNativeTarget;
			buildConfigurationList = 0896F85529DC31D5002DFC71 /* Build configuration list for PBXNativeTarget "AutoLayout_test1Tests" */;
			buildPhases = (
				0896F83A29DC31D5002DFC71 /* Sources */,
				0896F83B29DC31D5002DFC71 /* Frameworks */,
				0896F83C29DC31D5002DFC71 /* Resources */,
			);
			buildRules = (
			);
			dependencies = (
				0896F84029DC31D5002DFC71 /* PBXTargetDependency */,
			);
			name = AutoLayout_test1Tests;
			productName = AutoLayout_test1Tests;
			productReference = 0896F83E29DC31D5002DFC71 /* AutoLayout_test1Tests.xctest */;
			productType = "com.apple.product-type.bundle.unit-test";
		};
		0896F84729DC31D5002DFC71 /* AutoLayout_test1UITests */ = {
			isa = PBXNativeTarget;
			buildConfigurationList = 0896F85829DC31D5002DFC71 /* Build configuration list for PBXNativeTarget "AutoLayout_test1UITests" */;
			buildPhases = (
				0896F84429DC31D5002DFC71 /* Sources */,
				0896F84529DC31D5002DFC71 /* Frameworks */,
				0896F84629DC31D5002DFC71 /* Resources */,
			);
			buildRules = (
			);
			dependencies = (
				0896F84A29DC31D5002DFC71 /* PBXTargetDependency */,
			);
			name = AutoLayout_test1UITests;
			productName = AutoLayout_test1UITests;
			productReference = 0896F84829DC31D5002DFC71 /* AutoLayout_test1UITests.xctest */;
			productType = "com.apple.product-type.bundle.ui-testing";
		};
/* End PBXNativeTarget section */

/* Begin PBXProject section */
		0896F82029DC31D2002DFC71 /* Project object */ = {
			isa = PBXProject;
			attributes = {
				BuildIndependentTargetsInParallel = 1;
				LastSwiftUpdateCheck = 1430;
				LastUpgradeCheck = 1430;
				TargetAttributes = {
					0896F82729DC31D3002DFC71 = {
						CreatedOnToolsVersion = 14.3;
					};
					0896F83D29DC31D5002DFC71 = {
						CreatedOnToolsVersion = 14.3;
						TestTargetID = 0896F82729DC31D3002DFC71;
					};
					0896F84729DC31D5002DFC71 = {
						CreatedOnToolsVersion = 14.3;
						TestTargetID = 0896F82729DC31D3002DFC71;
					};
				};
			};
			buildConfigurationList = 0896F82329DC31D2002DFC71 /* Build configuration list for PBXProject "AutoLayout_test1" */;
			compatibilityVersion = "Xcode 14.0";
			developmentRegion = en;
			hasScannedForEncodings = 0;
			knownRegions = (
				en,
				Base,
			);
			mainGroup = 0896F81F29DC31D2002DFC71;
			productRefGroup = 0896F82929DC31D3002DFC71 /* Products */;
			projectDirPath = "";
			projectRoot = "";
			targets = (
				0896F82729DC31D3002DFC71 /* AutoLayout_test1 */,
				0896F83D29DC31D5002DFC71 /* AutoLayout_test1Tests */,
				0896F84729DC31D5002DFC71 /* AutoLayout_test1UITests */,
			);
		};
/* End PBXProject section */

/* Begin PBXResourcesBuildPhase section */
		0896F82629DC31D3002DFC71 /* Resources */ = {
			isa = PBXResourcesBuildPhase;
			buildActionMask = 2147483647;
			files = (
				0896F83829DC31D5002DFC71 /* LaunchScreen.storyboard in Resources */,
				0896F83529DC31D5002DFC71 /* Assets.xcassets in Resources */,
				0896F83329DC31D3002DFC71 /* Main.storyboard in Resources */,
			);
			runOnlyForDeploymentPostprocessing = 0;
		};
		0896F83C29DC31D5002DFC71 /* Resources */ = {
			isa = PBXResourcesBuildPhase;
			buildActionMask = 2147483647;
			files = (
			);
			runOnlyForDeploymentPostprocessing = 0;
		};
		0896F84629DC31D5002DFC71 /* Resources */ = {
			isa = PBXResourcesBuildPhase;
			buildActionMask = 2147483647;
			files = (
			);
			runOnlyForDeploymentPostprocessing = 0;
		};
/* End PBXResourcesBuildPhase section */

/* Begin PBXSourcesBuildPhase section */
		0896F82429DC31D3002DFC71 /* Sources */ = {
			isa = PBXSourcesBuildPhase;
			buildActionMask = 2147483647;
			files = (
				0896F83029DC31D3002DFC71 /* ViewController.swift in Sources */,
				0896F82C29DC31D3002DFC71 /* AppDelegate.swift in Sources */,
				0896F82E29DC31D3002DFC71 /* SceneDelegate.swift in Sources */,
			);
			runOnlyForDeploymentPostprocessing = 0;
		};
		0896F83A29DC31D5002DFC71 /* Sources */ = {
			isa = PBXSourcesBuildPhase;
			buildActionMask = 2147483647;
			files = (
				0896F84329DC31D5002DFC71 /* AutoLayout_test1Tests.swift in Sources */,
			);
			runOnlyForDeploymentPostprocessing = 0;
		};
		0896F84429DC31D5002DFC71 /* Sources */ = {
			isa = PBXSourcesBuildPhase;
			buildActionMask = 2147483647;
			files = (
				0896F84D29DC31D5002DFC71 /* AutoLayout_test1UITests.swift in Sources */,
				0896F84F29DC31D5002DFC71 /* AutoLayout_test1UITestsLaunchTests.swift in Sources */,
			);
			runOnlyForDeploymentPostprocessing = 0;
		};
/* End PBXSourcesBuildPhase section */

/* Begin PBXTargetDependency section */
		0896F84029DC31D5002DFC71 /* PBXTargetDependency */ = {
			isa = PBXTargetDependency;
			target = 0896F82729DC31D3002DFC71 /* AutoLayout_test1 */;
			targetProxy = 0896F83F29DC31D5002DFC71 /* PBXContainerItemProxy */;
		};
		0896F84A29DC31D5002DFC71 /* PBXTargetDependency */ = {
			isa = PBXTargetDependency;
			target = 0896F82729DC31D3002DFC71 /* AutoLayout_test1 */;
			targetProxy = 0896F84929DC31D5002DFC71 /* PBXContainerItemProxy */;
		};
/* End PBXTargetDependency section */

/* Begin PBXVariantGroup section */
		0896F83129DC31D3002DFC71 /* Main.storyboard */ = {
			isa = PBXVariantGroup;
			children = (
				0896F83229DC31D3002DFC71 /* Base */,
			);
			name = Main.storyboard;
			sourceTree = "<group>";
		};
		0896F83629DC31D5002DFC71 /* LaunchScreen.storyboard */ = {
			isa = PBXVariantGroup;
			children = (
				0896F83729DC31D5002DFC71 /* Base */,
			);
			name = LaunchScreen.storyboard;
			sourceTree = "<group>";
		};
/* End PBXVariantGroup section */

/* Begin XCBuildConfiguration section */
		0896F85029DC31D5002DFC71 /* Debug */ = {
			isa = XCBuildConfiguration;
			buildSettings = {
				ALWAYS_SEARCH_USER_PATHS = NO;
				CLANG_ANALYZER_NONNULL = YES;
				CLANG_ANALYZER_NUMBER_OBJECT_CONVERSION = YES_AGGRESSIVE;
				CLANG_CXX_LANGUAGE_STANDARD = "gnu++20";
				CLANG_ENABLE_MODULES = YES;
				CLANG_ENABLE_OBJC_ARC = YES;
				CLANG_ENABLE_OBJC_WEAK = YES;
				CLANG_WARN_BLOCK_CAPTURE_AUTORELEASING = YES;
				CLANG_WARN_BOOL_CONVERSION = YES;
				CLANG_WARN_COMMA = YES;
				CLANG_WARN_CONSTANT_CONVERSION = YES;
				CLANG_WARN_DEPRECATED_OBJC_IMPLEMENTATIONS = YES;
				CLANG_WARN_DIRECT_OBJC_ISA_USAGE = YES_ERROR;
				CLANG_WARN_DOCUMENTATION_COMMENTS = YES;
				CLANG_WARN_EMPTY_BODY = YES;
				CLANG_WARN_ENUM_CONVERSION = YES;
				CLANG_WARN_INFINITE_RECURSION = YES;
				CLANG_WARN_INT_CONVERSION = YES;
				CLANG_WARN_NON_LITERAL_NULL_CONVERSION = YES;
				CLANG_WARN_OBJC_IMPLICIT_RETAIN_SELF = YES;
				CLANG_WARN_OBJC_LITERAL_CONVERSION = YES;
				CLANG_WARN_OBJC_ROOT_CLASS = YES_ERROR;
				CLANG_WARN_QUOTED_INCLUDE_IN_FRAMEWORK_HEADER = YES;
				CLANG_WARN_RANGE_LOOP_ANALYSIS = YES;
				CLANG_WARN_STRICT_PROTOTYPES = YES;
				CLANG_WARN_SUSPICIOUS_MOVE = YES;
				CLANG_WARN_UNGUARDED_AVAILABILITY = YES_AGGRESSIVE;
				CLANG_WARN_UNREACHABLE_CODE = YES;
				CLANG_WARN__DUPLICATE_METHOD_MATCH = YES;
				COPY_PHASE_STRIP = NO;
				DEBUG_INFORMATION_FORMAT = dwarf;
				ENABLE_STRICT_OBJC_MSGSEND = YES;
				ENABLE_TESTABILITY = YES;
				GCC_C_LANGUAGE_STANDARD = gnu11;
				GCC_DYNAMIC_NO_PIC = NO;
				GCC_NO_COMMON_BLOCKS = YES;
				GCC_OPTIMIZATION_LEVEL = 0;
				GCC_PREPROCESSOR_DEFINITIONS = (
					"DEBUG=1",
					"$(inherited)",
				);
				GCC_WARN_64_TO_32_BIT_CONVERSION = YES;
				GCC_WARN_ABOUT_RETURN_TYPE = YES_ERROR;
				GCC_WARN_UNDECLARED_SELECTOR = YES;
				GCC_WARN_UNINITIALIZED_AUTOS = YES_AGGRESSIVE;
				GCC_WARN_UNUSED_FUNCTION = YES;
				GCC_WARN_UNUSED_VARIABLE = YES;
				IPHONEOS_DEPLOYMENT_TARGET = 16.4;
				MTL_ENABLE_DEBUG_INFO = INCLUDE_SOURCE;
				MTL_FAST_MATH = YES;
				ONLY_ACTIVE_ARCH = YES;
				SDKROOT = iphoneos;
				SWIFT_ACTIVE_COMPILATION_CONDITIONS = DEBUG;
				SWIFT_OPTIMIZATION_LEVEL = "-Onone";
			};
			name = Debug;
		};
		0896F85129DC31D5002DFC71 /* Release */ = {
			isa = XCBuildConfiguration;
			buildSettings = {
				ALWAYS_SEARCH_USER_PATHS = NO;
				CLANG_ANALYZER_NONNULL = YES;
				CLANG_ANALYZER_NUMBER_OBJECT_CONVERSION = YES_AGGRESSIVE;
				CLANG_CXX_LANGUAGE_STANDARD = "gnu++20";
				CLANG_ENABLE_MODULES = YES;
				CLANG_ENABLE_OBJC_ARC = YES;
				CLANG_ENABLE_OBJC_WEAK = YES;
				CLANG_WARN_BLOCK_CAPTURE_AUTORELEASING = YES;
				CLANG_WARN_BOOL_CONVERSION = YES;
				CLANG_WARN_COMMA = YES;
				CLANG_WARN_CONSTANT_CONVERSION = YES;
				CLANG_WARN_DEPRECATED_OBJC_IMPLEMENTATIONS = YES;
				CLANG_WARN_DIRECT_OBJC_ISA_USAGE = YES_ERROR;
				CLANG_WARN_DOCUMENTATION_COMMENTS = YES;
				CLANG_WARN_EMPTY_BODY = YES;
				CLANG_WARN_ENUM_CONVERSION = YES;
				CLANG_WARN_INFINITE_RECURSION = YES;
				CLANG_WARN_INT_CONVERSION = YES;
				CLANG_WARN_NON_LITERAL_NULL_CONVERSION = YES;
				CLANG_WARN_OBJC_IMPLICIT_RETAIN_SELF = YES;
				CLANG_WARN_OBJC_LITERAL_CONVERSION = YES;
				CLANG_WARN_OBJC_ROOT_CLASS = YES_ERROR;
				CLANG_WARN_QUOTED_INCLUDE_IN_FRAMEWORK_HEADER = YES;
				CLANG_WARN_RANGE_LOOP_ANALYSIS = YES;
				CLANG_WARN_STRICT_PROTOTYPES = YES;
				CLANG_WARN_SUSPICIOUS_MOVE = YES;
				CLANG_WARN_UNGUARDED_AVAILABILITY = YES_AGGRESSIVE;
				CLANG_WARN_UNREACHABLE_CODE = YES;
				CLANG_WARN__DUPLICATE_METHOD_MATCH = YES;
				COPY_PHASE_STRIP = NO;
				DEBUG_INFORMATION_FORMAT = "dwarf-with-dsym";
				ENABLE_NS_ASSERTIONS = NO;
				ENABLE_STRICT_OBJC_MSGSEND = YES;
				GCC_C_LANGUAGE_STANDARD = gnu11;
				GCC_NO_COMMON_BLOCKS = YES;
				GCC_WARN_64_TO_32_BIT_CONVERSION = YES;
				GCC_WARN_ABOUT_RETURN_TYPE = YES_ERROR;
				GCC_WARN_UNDECLARED_SELECTOR = YES;
				GCC_WARN_UNINITIALIZED_AUTOS = YES_AGGRESSIVE;
				GCC_WARN_UNUSED_FUNCTION = YES;
				GCC_WARN_UNUSED_VARIABLE = YES;
				IPHONEOS_DEPLOYMENT_TARGET = 16.4;
				MTL_ENABLE_DEBUG_INFO = NO;
				MTL_FAST_MATH = YES;
				SDKROOT = iphoneos;
				SWIFT_COMPILATION_MODE = wholemodule;
				SWIFT_OPTIMIZATION_LEVEL = "-O";
				VALIDATE_PRODUCT = YES;
			};
			name = Release;
		};
		0896F85329DC31D5002DFC71 /* Debug */ = {
			isa = XCBuildConfiguration;
			buildSettings = {
				ASSETCATALOG_COMPILER_APPICON_NAME = AppIcon;
				ASSETCATALOG_COMPILER_GLOBAL_ACCENT_COLOR_NAME = AccentColor;
				CODE_SIGN_STYLE = Automatic;
				CURRENT_PROJECT_VERSION = 1;
				DEVELOPMENT_TEAM = Z67635X56Y;
				GENERATE_INFOPLIST_FILE = YES;
				INFOPLIST_FILE = AutoLayout_test1/Info.plist;
				INFOPLIST_KEY_UIApplicationSupportsIndirectInputEvents = YES;
				INFOPLIST_KEY_UILaunchStoryboardName = LaunchScreen;
				INFOPLIST_KEY_UIMainStoryboardFile = Main;
				INFOPLIST_KEY_UISupportedInterfaceOrientations_iPad = "UIInterfaceOrientationPortrait UIInterfaceOrientationPortraitUpsideDown UIInterfaceOrientationLandscapeLeft UIInterfaceOrientationLandscapeRight";
				INFOPLIST_KEY_UISupportedInterfaceOrientations_iPhone = "UIInterfaceOrientationPortrait UIInterfaceOrientationLandscapeLeft UIInterfaceOrientationLandscapeRight";
				LD_RUNPATH_SEARCH_PATHS = (
					"$(inherited)",
					"@executable_path/Frameworks",
				);
				MARKETING_VERSION = 1.0;
				PRODUCT_BUNDLE_IDENTIFIER = "study.AutoLayout-test1";
				PRODUCT_NAME = "$(TARGET_NAME)";
				SWIFT_EMIT_LOC_STRINGS = YES;
				SWIFT_VERSION = 5.0;
				TARGETED_DEVICE_FAMILY = "1,2";
			};
			name = Debug;
		};
		0896F85429DC31D5002DFC71 /* Release */ = {
			isa = XCBuildConfiguration;
			buildSettings = {
				ASSETCATALOG_COMPILER_APPICON_NAME = AppIcon;
				ASSETCATALOG_COMPILER_GLOBAL_ACCENT_COLOR_NAME = AccentColor;
				CODE_SIGN_STYLE = Automatic;
				CURRENT_PROJECT_VERSION = 1;
				DEVELOPMENT_TEAM = Z67635X56Y;
				GENERATE_INFOPLIST_FILE = YES;
				INFOPLIST_FILE = AutoLayout_test1/Info.plist;
				INFOPLIST_KEY_UIApplicationSupportsIndirectInputEvents = YES;
				INFOPLIST_KEY_UILaunchStoryboardName = LaunchScreen;
				INFOPLIST_KEY_UIMainStoryboardFile = Main;
				INFOPLIST_KEY_UISupportedInterfaceOrientations_iPad = "UIInterfaceOrientationPortrait UIInterfaceOrientationPortraitUpsideDown UIInterfaceOrientationLandscapeLeft UIInterfaceOrientationLandscapeRight";
				INFOPLIST_KEY_UISupportedInterfaceOrientations_iPhone = "UIInterfaceOrientationPortrait UIInterfaceOrientationLandscapeLeft UIInterfaceOrientationLandscapeRight";
				LD_RUNPATH_SEARCH_PATHS = (
					"$(inherited)",
					"@executable_path/Frameworks",
				);
				MARKETING_VERSION = 1.0;
				PRODUCT_BUNDLE_IDENTIFIER = "study.AutoLayout-test1";
				PRODUCT_NAME = "$(TARGET_NAME)";
				SWIFT_EMIT_LOC_STRINGS = YES;
				SWIFT_VERSION = 5.0;
				TARGETED_DEVICE_FAMILY = "1,2";
			};
			name = Release;
		};
		0896F85629DC31D5002DFC71 /* Debug */ = {
			isa = XCBuildConfiguration;
			buildSettings = {
				ALWAYS_EMBED_SWIFT_STANDARD_LIBRARIES = YES;
				BUNDLE_LOADER = "$(TEST_HOST)";
				CODE_SIGN_STYLE = Automatic;
				CURRENT_PROJECT_VERSION = 1;
				DEVELOPMENT_TEAM = Z67635X56Y;
				GENERATE_INFOPLIST_FILE = YES;
				IPHONEOS_DEPLOYMENT_TARGET = 16.4;
				MARKETING_VERSION = 1.0;
				PRODUCT_BUNDLE_IDENTIFIER = "study.AutoLayout-test1Tests";
				PRODUCT_NAME = "$(TARGET_NAME)";
				SWIFT_EMIT_LOC_STRINGS = NO;
				SWIFT_VERSION = 5.0;
				TARGETED_DEVICE_FAMILY = "1,2";
				TEST_HOST = "$(BUILT_PRODUCTS_DIR)/AutoLayout_test1.app/$(BUNDLE_EXECUTABLE_FOLDER_PATH)/AutoLayout_test1";
			};
			name = Debug;
		};
		0896F85729DC31D5002DFC71 /* Release */ = {
			isa = XCBuildConfiguration;
			buildSettings = {
				ALWAYS_EMBED_SWIFT_STANDARD_LIBRARIES = YES;
				BUNDLE_LOADER = "$(TEST_HOST)";
				CODE_SIGN_STYLE = Automatic;
				CURRENT_PROJECT_VERSION = 1;
				DEVELOPMENT_TEAM = Z67635X56Y;
				GENERATE_INFOPLIST_FILE = YES;
				IPHONEOS_DEPLOYMENT_TARGET = 16.4;
				MARKETING_VERSION = 1.0;
				PRODUCT_BUNDLE_IDENTIFIER = "study.AutoLayout-test1Tests";
				PRODUCT_NAME = "$(TARGET_NAME)";
				SWIFT_EMIT_LOC_STRINGS = NO;
				SWIFT_VERSION = 5.0;
				TARGETED_DEVICE_FAMILY = "1,2";
				TEST_HOST = "$(BUILT_PRODUCTS_DIR)/AutoLayout_test1.app/$(BUNDLE_EXECUTABLE_FOLDER_PATH)/AutoLayout_test1";
			};
			name = Release;
		};
		0896F85929DC31D5002DFC71 /* Debug */ = {
			isa = XCBuildConfiguration;
			buildSettings = {
				ALWAYS_EMBED_SWIFT_STANDARD_LIBRARIES = YES;
				CODE_SIGN_STYLE = Automatic;
				CURRENT_PROJECT_VERSION = 1;
				DEVELOPMENT_TEAM = Z67635X56Y;
				GENERATE_INFOPLIST_FILE = YES;
				MARKETING_VERSION = 1.0;
				PRODUCT_BUNDLE_IDENTIFIER = "study.AutoLayout-test1UITests";
				PRODUCT_NAME = "$(TARGET_NAME)";
				SWIFT_EMIT_LOC_STRINGS = NO;
				SWIFT_VERSION = 5.0;
				TARGETED_DEVICE_FAMILY = "1,2";
				TEST_TARGET_NAME = AutoLayout_test1;
			};
			name = Debug;
		};
		0896F85A29DC31D5002DFC71 /* Release */ = {
			isa = XCBuildConfiguration;
			buildSettings = {
				ALWAYS_EMBED_SWIFT_STANDARD_LIBRARIES = YES;
				CODE_SIGN_STYLE = Automatic;
				CURRENT_PROJECT_VERSION = 1;
				DEVELOPMENT_TEAM = Z67635X56Y;
				GENERATE_INFOPLIST_FILE = YES;
				MARKETING_VERSION = 1.0;
				PRODUCT_BUNDLE_IDENTIFIER = "study.AutoLayout-test1UITests";
				PRODUCT_NAME = "$(TARGET_NAME)";
				SWIFT_EMIT_LOC_STRINGS = NO;
				SWIFT_VERSION = 5.0;
				TARGETED_DEVICE_FAMILY = "1,2";
				TEST_TARGET_NAME = AutoLayout_test1;
			};
			name = Release;
		};
/* End XCBuildConfiguration section */

/* Begin XCConfigurationList section */
		0896F82329DC31D2002DFC71 /* Build configuration list for PBXProject "AutoLayout_test1" */ = {
			isa = XCConfigurationList;
			buildConfigurations = (
				0896F85029DC31D5002DFC71 /* Debug */,
				0896F85129DC31D5002DFC71 /* Release */,
			);
			defaultConfigurationIsVisible = 0;
			defaultConfigurationName = Release;
		};
		0896F85229DC31D5002DFC71 /* Build configuration list for PBXNativeTarget "AutoLayout_test1" */ = {
			isa = XCConfigurationList;
			buildConfigurations = (
				0896F85329DC31D5002DFC71 /* Debug */,
				0896F85429DC31D5002DFC71 /* Release */,
			);
			defaultConfigurationIsVisible = 0;
			defaultConfigurationName = Release;
		};
		0896F85529DC31D5002DFC71 /* Build configuration list for PBXNativeTarget "AutoLayout_test1Tests" */ = {
			isa = XCConfigurationList;
			buildConfigurations = (
				0896F85629DC31D5002DFC71 /* Debug */,
				0896F85729DC31D5002DFC71 /* Release */,
			);
			defaultConfigurationIsVisible = 0;
			defaultConfigurationName = Release;
		};
		0896F85829DC31D5002DFC71 /* Build configuration list for PBXNativeTarget "AutoLayout_test1UITests" */ = {
			isa = XCConfigurationList;
			buildConfigurations = (
				0896F85929DC31D5002DFC71 /* Debug */,
				0896F85A29DC31D5002DFC71 /* Release */,
			);
			defaultConfigurationIsVisible = 0;
			defaultConfigurationName = Release;
		};
/* End XCConfigurationList section */
	};
	rootObject = 0896F82029DC31D2002DFC71 /* Project object */;
}
