// !$*UTF8*$!
{
	archiveVersion = 1;
	classes = {
	};
	objectVersion = 56;
	objects = {

/* Begin PBXBuildFile section */
		0896F7F629DC3173002DFC71 /* AutiLayout_testApp.swift in Sources */ = {isa = PBXBuildFile; fileRef = 0896F7F529DC3173002DFC71 /* AutiLayout_testApp.swift */; };
		0896F7F829DC3173002DFC71 /* ContentView.swift in Sources */ = {isa = PBXBuildFile; fileRef = 0896F7F729DC3173002DFC71 /* ContentView.swift */; };
		0896F7FA29DC3175002DFC71 /* Assets.xcassets in Resources */ = {isa = PBXBuildFile; fileRef = 0896F7F929DC3175002DFC71 /* Assets.xcassets */; };
		0896F7FD29DC3175002DFC71 /* Preview Assets.xcassets in Resources */ = {isa = PBXBuildFile; fileRef = 0896F7FC29DC3175002DFC71 /* Preview Assets.xcassets */; };
		0896F80729DC3175002DFC71 /* AutiLayout_testTests.swift in Sources */ = {isa = PBXBuildFile; fileRef = 0896F80629DC3175002DFC71 /* AutiLayout_testTests.swift */; };
		0896F81129DC3175002DFC71 /* AutiLayout_testUITests.swift in Sources */ = {isa = PBXBuildFile; fileRef = 0896F81029DC3175002DFC71 /* AutiLayout_testUITests.swift */; };
		0896F81329DC3175002DFC71 /* AutiLayout_testUITestsLaunchTests.swift in Sources */ = {isa = PBXBuildFile; fileRef = 0896F81229DC3175002DFC71 /* AutiLayout_testUITestsLaunchTests.swift */; };
/* End PBXBuildFile section */

/* Begin PBXContainerItemProxy section */
		0896F80329DC3175002DFC71 /* PBXContainerItemProxy */ = {
			isa = PBXContainerItemProxy;
			containerPortal = 0896F7EA29DC3173002DFC71 /* Project object */;
			proxyType = 1;
			remoteGlobalIDString = 0896F7F129DC3173002DFC71;
			remoteInfo = AutiLayout_test;
		};
		0896F80D29DC3175002DFC71 /* PBXContainerItemProxy */ = {
			isa = PBXContainerItemProxy;
			containerPortal = 0896F7EA29DC3173002DFC71 /* Project object */;
			proxyType = 1;
			remoteGlobalIDString = 0896F7F129DC3173002DFC71;
			remoteInfo = AutiLayout_test;
		};
/* End PBXContainerItemProxy section */

/* Begin PBXFileReference section */
		0896F7F229DC3173002DFC71 /* AutiLayout_test.app */ = {isa = PBXFileReference; explicitFileType = wrapper.application; includeInIndex = 0; path = AutiLayout_test.app; sourceTree = BUILT_PRODUCTS_DIR; };
		0896F7F529DC3173002DFC71 /* AutiLayout_testApp.swift */ = {isa = PBXFileReference; lastKnownFileType = sourcecode.swift; path = AutiLayout_testApp.swift; sourceTree = "<group>"; };
		0896F7F729DC3173002DFC71 /* ContentView.swift */ = {isa = PBXFileReference; lastKnownFileType = sourcecode.swift; path = ContentView.swift; sourceTree = "<group>"; };
		0896F7F929DC3175002DFC71 /* Assets.xcassets */ = {isa = PBXFileReference; lastKnownFileType = folder.assetcatalog; path = Assets.xcassets; sourceTree = "<group>"; };
		0896F7FC29DC3175002DFC71 /* Preview Assets.xcassets */ = {isa = PBXFileReference; lastKnownFileType = folder.assetcatalog; path = "Preview Assets.xcassets"; sourceTree = "<group>"; };
		0896F80229DC3175002DFC71 /* AutiLayout_testTests.xctest */ = {isa = PBXFileReference; explicitFileType = wrapper.cfbundle; includeInIndex = 0; path = AutiLayout_testTests.xctest; sourceTree = BUILT_PRODUCTS_DIR; };
		0896F80629DC3175002DFC71 /* AutiLayout_testTests.swift */ = {isa = PBXFileReference; lastKnownFileType = sourcecode.swift; path = AutiLayout_testTests.swift; sourceTree = "<group>"; };
		0896F80C29DC3175002DFC71 /* AutiLayout_testUITests.xctest */ = {isa = PBXFileReference; explicitFileType = wrapper.cfbundle; includeInIndex = 0; path = AutiLayout_testUITests.xctest; sourceTree = BUILT_PRODUCTS_DIR; };
		0896F81029DC3175002DFC71 /* AutiLayout_testUITests.swift */ = {isa = PBXFileReference; lastKnownFileType = sourcecode.swift; path = AutiLayout_testUITests.swift; sourceTree = "<group>"; };
		0896F81229DC3175002DFC71 /* AutiLayout_testUITestsLaunchTests.swift */ = {isa = PBXFileReference; lastKnownFileType = sourcecode.swift; path = AutiLayout_testUITestsLaunchTests.swift; sourceTree = "<group>"; };
/* End PBXFileReference section */

/* Begin PBXFrameworksBuildPhase section */
		0896F7EF29DC3173002DFC71 /* Frameworks */ = {
			isa = PBXFrameworksBuildPhase;
			buildActionMask = 2147483647;
			files = (
			);
			runOnlyForDeploymentPostprocessing = 0;
		};
		0896F7FF29DC3175002DFC71 /* Frameworks */ = {
			isa = PBXFrameworksBuildPhase;
			buildActionMask = 2147483647;
			files = (
			);
			runOnlyForDeploymentPostprocessing = 0;
		};
		0896F80929DC3175002DFC71 /* Frameworks */ = {
			isa = PBXFrameworksBuildPhase;
			buildActionMask = 2147483647;
			files = (
			);
			runOnlyForDeploymentPostprocessing = 0;
		};
/* End PBXFrameworksBuildPhase section */

/* Begin PBXGroup section */
		0896F7E929DC3173002DFC71 = {
			isa = PBXGroup;
			children = (
				0896F7F429DC3173002DFC71 /* AutiLayout_test */,
				0896F80529DC3175002DFC71 /* AutiLayout_testTests */,
				0896F80F29DC3175002DFC71 /* AutiLayout_testUITests */,
				0896F7F329DC3173002DFC71 /* Products */,
			);
			sourceTree = "<group>";
		};
		0896F7F329DC3173002DFC71 /* Products */ = {
			isa = PBXGroup;
			children = (
				0896F7F229DC3173002DFC71 /* AutiLayout_test.app */,
				0896F80229DC3175002DFC71 /* AutiLayout_testTests.xctest */,
				0896F80C29DC3175002DFC71 /* AutiLayout_testUITests.xctest */,
			);
			name = Products;
			sourceTree = "<group>";
		};
		0896F7F429DC3173002DFC71 /* AutiLayout_test */ = {
			isa = PBXGroup;
			children = (
				0896F7F529DC3173002DFC71 /* AutiLayout_testApp.swift */,
				0896F7F729DC3173002DFC71 /* ContentView.swift */,
				0896F7F929DC3175002DFC71 /* Assets.xcassets */,
				0896F7FB29DC3175002DFC71 /* Preview Content */,
			);
			path = AutiLayout_test;
			sourceTree = "<group>";
		};
		0896F7FB29DC3175002DFC71 /* Preview Content */ = {
			isa = PBXGroup;
			children = (
				0896F7FC29DC3175002DFC71 /* Preview Assets.xcassets */,
			);
			path = "Preview Content";
			sourceTree = "<group>";
		};
		0896F80529DC3175002DFC71 /* AutiLayout_testTests */ = {
			isa = PBXGroup;
			children = (
				0896F80629DC3175002DFC71 /* AutiLayout_testTests.swift */,
			);
			path = AutiLayout_testTests;
			sourceTree = "<group>";
		};
		0896F80F29DC3175002DFC71 /* AutiLayout_testUITests */ = {
			isa = PBXGroup;
			children = (
				0896F81029DC3175002DFC71 /* AutiLayout_testUITests.swift */,
				0896F81229DC3175002DFC71 /* AutiLayout_testUITestsLaunchTests.swift */,
			);
			path = AutiLayout_testUITests;
			sourceTree = "<group>";
		};
/* End PBXGroup section */

/* Begin PBXNativeTarget section */
		0896F7F129DC3173002DFC71 /* AutiLayout_test */ = {
			isa = PBXNativeTarget;
			buildConfigurationList = 0896F81629DC3175002DFC71 /* Build configuration list for PBXNativeTarget "AutiLayout_test" */;
			buildPhases = (
				0896F7EE29DC3173002DFC71 /* Sources */,
				0896F7EF29DC3173002DFC71 /* Frameworks */,
				0896F7F029DC3173002DFC71 /* Resources */,
			);
			buildRules = (
			);
			dependencies = (
			);
			name = AutiLayout_test;
			productName = AutiLayout_test;
			productReference = 0896F7F229DC3173002DFC71 /* AutiLayout_test.app */;
			productType = "com.apple.product-type.application";
		};
		0896F80129DC3175002DFC71 /* AutiLayout_testTests */ = {
			isa = PBXNativeTarget;
			buildConfigurationList = 0896F81929DC3175002DFC71 /* Build configuration list for PBXNativeTarget "AutiLayout_testTests" */;
			buildPhases = (
				0896F7FE29DC3175002DFC71 /* Sources */,
				0896F7FF29DC3175002DFC71 /* Frameworks */,
				0896F80029DC3175002DFC71 /* Resources */,
			);
			buildRules = (
			);
			dependencies = (
				0896F80429DC3175002DFC71 /* PBXTargetDependency */,
			);
			name = AutiLayout_testTests;
			productName = AutiLayout_testTests;
			productReference = 0896F80229DC3175002DFC71 /* AutiLayout_testTests.xctest */;
			productType = "com.apple.product-type.bundle.unit-test";
		};
		0896F80B29DC3175002DFC71 /* AutiLayout_testUITests */ = {
			isa = PBXNativeTarget;
			buildConfigurationList = 0896F81C29DC3175002DFC71 /* Build configuration list for PBXNativeTarget "AutiLayout_testUITests" */;
			buildPhases = (
				0896F80829DC3175002DFC71 /* Sources */,
				0896F80929DC3175002DFC71 /* Frameworks */,
				0896F80A29DC3175002DFC71 /* Resources */,
			);
			buildRules = (
			);
			dependencies = (
				0896F80E29DC3175002DFC71 /* PBXTargetDependency */,
			);
			name = AutiLayout_testUITests;
			productName = AutiLayout_testUITests;
			productReference = 0896F80C29DC3175002DFC71 /* AutiLayout_testUITests.xctest */;
			productType = "com.apple.product-type.bundle.ui-testing";
		};
/* End PBXNativeTarget section */

/* Begin PBXProject section */
		0896F7EA29DC3173002DFC71 /* Project object */ = {
			isa = PBXProject;
			attributes = {
				BuildIndependentTargetsInParallel = 1;
				LastSwiftUpdateCheck = 1430;
				LastUpgradeCheck = 1430;
				TargetAttributes = {
					0896F7F129DC3173002DFC71 = {
						CreatedOnToolsVersion = 14.3;
					};
					0896F80129DC3175002DFC71 = {
						CreatedOnToolsVersion = 14.3;
						TestTargetID = 0896F7F129DC3173002DFC71;
					};
					0896F80B29DC3175002DFC71 = {
						CreatedOnToolsVersion = 14.3;
						TestTargetID = 0896F7F129DC3173002DFC71;
					};
				};
			};
			buildConfigurationList = 0896F7ED29DC3173002DFC71 /* Build configuration list for PBXProject "AutiLayout_test" */;
			compatibilityVersion = "Xcode 14.0";
			developmentRegion = en;
			hasScannedForEncodings = 0;
			knownRegions = (
				en,
				Base,
			);
			mainGroup = 0896F7E929DC3173002DFC71;
			productRefGroup = 0896F7F329DC3173002DFC71 /* Products */;
			projectDirPath = "";
			projectRoot = "";
			targets = (
				0896F7F129DC3173002DFC71 /* AutiLayout_test */,
				0896F80129DC3175002DFC71 /* AutiLayout_testTests */,
				0896F80B29DC3175002DFC71 /* AutiLayout_testUITests */,
			);
		};
/* End PBXProject section */

/* Begin PBXResourcesBuildPhase section */
		0896F7F029DC3173002DFC71 /* Resources */ = {
			isa = PBXResourcesBuildPhase;
			buildActionMask = 2147483647;
			files = (
				0896F7FD29DC3175002DFC71 /* Preview Assets.xcassets in Resources */,
				0896F7FA29DC3175002DFC71 /* Assets.xcassets in Resources */,
			);
			runOnlyForDeploymentPostprocessing = 0;
		};
		0896F80029DC3175002DFC71 /* Resources */ = {
			isa = PBXResourcesBuildPhase;
			buildActionMask = 2147483647;
			files = (
			);
			runOnlyForDeploymentPostprocessing = 0;
		};
		0896F80A29DC3175002DFC71 /* Resources */ = {
			isa = PBXResourcesBuildPhase;
			buildActionMask = 2147483647;
			files = (
			);
			runOnlyForDeploymentPostprocessing = 0;
		};
/* End PBXResourcesBuildPhase section */

/* Begin PBXSourcesBuildPhase section */
		0896F7EE29DC3173002DFC71 /* Sources */ = {
			isa = PBXSourcesBuildPhase;
			buildActionMask = 2147483647;
			files = (
				0896F7F829DC3173002DFC71 /* ContentView.swift in Sources */,
				0896F7F629DC3173002DFC71 /* AutiLayout_testApp.swift in Sources */,
			);
			runOnlyForDeploymentPostprocessing = 0;
		};
		0896F7FE29DC3175002DFC71 /* Sources */ = {
			isa = PBXSourcesBuildPhase;
			buildActionMask = 2147483647;
			files = (
				0896F80729DC3175002DFC71 /* AutiLayout_testTests.swift in Sources */,
			);
			runOnlyForDeploymentPostprocessing = 0;
		};
		0896F80829DC3175002DFC71 /* Sources */ = {
			isa = PBXSourcesBuildPhase;
			buildActionMask = 2147483647;
			files = (
				0896F81129DC3175002DFC71 /* AutiLayout_testUITests.swift in Sources */,
				0896F81329DC3175002DFC71 /* AutiLayout_testUITestsLaunchTests.swift in Sources */,
			);
			runOnlyForDeploymentPostprocessing = 0;
		};
/* End PBXSourcesBuildPhase section */

/* Begin PBXTargetDependency section */
		0896F80429DC3175002DFC71 /* PBXTargetDependency */ = {
			isa = PBXTargetDependency;
			target = 0896F7F129DC3173002DFC71 /* AutiLayout_test */;
			targetProxy = 0896F80329DC3175002DFC71 /* PBXContainerItemProxy */;
		};
		0896F80E29DC3175002DFC71 /* PBXTargetDependency */ = {
			isa = PBXTargetDependency;
			target = 0896F7F129DC3173002DFC71 /* AutiLayout_test */;
			targetProxy = 0896F80D29DC3175002DFC71 /* PBXContainerItemProxy */;
		};
/* End PBXTargetDependency section */

/* Begin XCBuildConfiguration section */
		0896F81429DC3175002DFC71 /* Debug */ = {
			isa = XCBuildConfiguration;
			buildSettings = {
				ALWAYS_SEARCH_USER_PATHS = NO;
				CLANG_ANALYZER_NONNULL = YES;
				CLANG_ANALYZER_NUMBER_OBJECT_CONVERSION = YES_AGGRESSIVE;
				CLANG_CXX_LANGUAGE_STANDARD = "gnu++20";
				CLANG_ENABLE_MODULES = YES;
				CLANG_ENABLE_OBJC_ARC = YES;
				CLANG_ENABLE_OBJC_WEAK = YES;
				CLANG_WARN_BLOCK_CAPTURE_AUTORELEASING = YES;
				CLANG_WARN_BOOL_CONVERSION = YES;
				CLANG_WARN_COMMA = YES;
				CLANG_WARN_CONSTANT_CONVERSION = YES;
				CLANG_WARN_DEPRECATED_OBJC_IMPLEMENTATIONS = YES;
				CLANG_WARN_DIRECT_OBJC_ISA_USAGE = YES_ERROR;
				CLANG_WARN_DOCUMENTATION_COMMENTS = YES;
				CLANG_WARN_EMPTY_BODY = YES;
				CLANG_WARN_ENUM_CONVERSION = YES;
				CLANG_WARN_INFINITE_RECURSION = YES;
				CLANG_WARN_INT_CONVERSION = YES;
				CLANG_WARN_NON_LITERAL_NULL_CONVERSION = YES;
				CLANG_WARN_OBJC_IMPLICIT_RETAIN_SELF = YES;
				CLANG_WARN_OBJC_LITERAL_CONVERSION = YES;
				CLANG_WARN_OBJC_ROOT_CLASS = YES_ERROR;
				CLANG_WARN_QUOTED_INCLUDE_IN_FRAMEWORK_HEADER = YES;
				CLANG_WARN_RANGE_LOOP_ANALYSIS = YES;
				CLANG_WARN_STRICT_PROTOTYPES = YES;
				CLANG_WARN_SUSPICIOUS_MOVE = YES;
				CLANG_WARN_UNGUARDED_AVAILABILITY = YES_AGGRESSIVE;
				CLANG_WARN_UNREACHABLE_CODE = YES;
				CLANG_WARN__DUPLICATE_METHOD_MATCH = YES;
				COPY_PHASE_STRIP = NO;
				DEBUG_INFORMATION_FORMAT = dwarf;
				ENABLE_STRICT_OBJC_MSGSEND = YES;
				ENABLE_TESTABILITY = YES;
				GCC_C_LANGUAGE_STANDARD = gnu11;
				GCC_DYNAMIC_NO_PIC = NO;
				GCC_NO_COMMON_BLOCKS = YES;
				GCC_OPTIMIZATION_LEVEL = 0;
				GCC_PREPROCESSOR_DEFINITIONS = (
					"DEBUG=1",
					"$(inherited)",
				);
				GCC_WARN_64_TO_32_BIT_CONVERSION = YES;
				GCC_WARN_ABOUT_RETURN_TYPE = YES_ERROR;
				GCC_WARN_UNDECLARED_SELECTOR = YES;
				GCC_WARN_UNINITIALIZED_AUTOS = YES_AGGRESSIVE;
				GCC_WARN_UNUSED_FUNCTION = YES;
				GCC_WARN_UNUSED_VARIABLE = YES;
				IPHONEOS_DEPLOYMENT_TARGET = 16.4;
				MTL_ENABLE_DEBUG_INFO = INCLUDE_SOURCE;
				MTL_FAST_MATH = YES;
				ONLY_ACTIVE_ARCH = YES;
				SDKROOT = iphoneos;
				SWIFT_ACTIVE_COMPILATION_CONDITIONS = DEBUG;
				SWIFT_OPTIMIZATION_LEVEL = "-Onone";
			};
			name = Debug;
		};
		0896F81529DC3175002DFC71 /* Release */ = {
			isa = XCBuildConfiguration;
			buildSettings = {
				ALWAYS_SEARCH_USER_PATHS = NO;
				CLANG_ANALYZER_NONNULL = YES;
				CLANG_ANALYZER_NUMBER_OBJECT_CONVERSION = YES_AGGRESSIVE;
				CLANG_CXX_LANGUAGE_STANDARD = "gnu++20";
				CLANG_ENABLE_MODULES = YES;
				CLANG_ENABLE_OBJC_ARC = YES;
				CLANG_ENABLE_OBJC_WEAK = YES;
				CLANG_WARN_BLOCK_CAPTURE_AUTORELEASING = YES;
				CLANG_WARN_BOOL_CONVERSION = YES;
				CLANG_WARN_COMMA = YES;
				CLANG_WARN_CONSTANT_CONVERSION = YES;
				CLANG_WARN_DEPRECATED_OBJC_IMPLEMENTATIONS = YES;
				CLANG_WARN_DIRECT_OBJC_ISA_USAGE = YES_ERROR;
				CLANG_WARN_DOCUMENTATION_COMMENTS = YES;
				CLANG_WARN_EMPTY_BODY = YES;
				CLANG_WARN_ENUM_CONVERSION = YES;
				CLANG_WARN_INFINITE_RECURSION = YES;
				CLANG_WARN_INT_CONVERSION = YES;
				CLANG_WARN_NON_LITERAL_NULL_CONVERSION = YES;
				CLANG_WARN_OBJC_IMPLICIT_RETAIN_SELF = YES;
				CLANG_WARN_OBJC_LITERAL_CONVERSION = YES;
				CLANG_WARN_OBJC_ROOT_CLASS = YES_ERROR;
				CLANG_WARN_QUOTED_INCLUDE_IN_FRAMEWORK_HEADER = YES;
				CLANG_WARN_RANGE_LOOP_ANALYSIS = YES;
				CLANG_WARN_STRICT_PROTOTYPES = YES;
				CLANG_WARN_SUSPICIOUS_MOVE = YES;
				CLANG_WARN_UNGUARDED_AVAILABILITY = YES_AGGRESSIVE;
				CLANG_WARN_UNREACHABLE_CODE = YES;
				CLANG_WARN__DUPLICATE_METHOD_MATCH = YES;
				COPY_PHASE_STRIP = NO;
				DEBUG_INFORMATION_FORMAT = "dwarf-with-dsym";
				ENABLE_NS_ASSERTIONS = NO;
				ENABLE_STRICT_OBJC_MSGSEND = YES;
				GCC_C_LANGUAGE_STANDARD = gnu11;
				GCC_NO_COMMON_BLOCKS = YES;
				GCC_WARN_64_TO_32_BIT_CONVERSION = YES;
				GCC_WARN_ABOUT_RETURN_TYPE = YES_ERROR;
				GCC_WARN_UNDECLARED_SELECTOR = YES;
				GCC_WARN_UNINITIALIZED_AUTOS = YES_AGGRESSIVE;
				GCC_WARN_UNUSED_FUNCTION = YES;
				GCC_WARN_UNUSED_VARIABLE = YES;
				IPHONEOS_DEPLOYMENT_TARGET = 16.4;
				MTL_ENABLE_DEBUG_INFO = NO;
				MTL_FAST_MATH = YES;
				SDKROOT = iphoneos;
				SWIFT_COMPILATION_MODE = wholemodule;
				SWIFT_OPTIMIZATION_LEVEL = "-O";
				VALIDATE_PRODUCT = YES;
			};
			name = Release;
		};
		0896F81729DC3175002DFC71 /* Debug */ = {
			isa = XCBuildConfiguration;
			buildSettings = {
				ASSETCATALOG_COMPILER_APPICON_NAME = AppIcon;
				ASSETCATALOG_COMPILER_GLOBAL_ACCENT_COLOR_NAME = AccentColor;
				CODE_SIGN_STYLE = Automatic;
				CURRENT_PROJECT_VERSION = 1;
				DEVELOPMENT_ASSET_PATHS = "\"AutiLayout_test/Preview Content\"";
				DEVELOPMENT_TEAM = Z67635X56Y;
				ENABLE_PREVIEWS = YES;
				GENERATE_INFOPLIST_FILE = YES;
				INFOPLIST_KEY_UIApplicationSceneManifest_Generation = YES;
				INFOPLIST_KEY_UIApplicationSupportsIndirectInputEvents = YES;
				INFOPLIST_KEY_UILaunchScreen_Generation = YES;
				INFOPLIST_KEY_UISupportedInterfaceOrientations_iPad = "UIInterfaceOrientationPortrait UIInterfaceOrientationPortraitUpsideDown UIInterfaceOrientationLandscapeLeft UIInterfaceOrientationLandscapeRight";
				INFOPLIST_KEY_UISupportedInterfaceOrientations_iPhone = "UIInterfaceOrientationPortrait UIInterfaceOrientationLandscapeLeft UIInterfaceOrientationLandscapeRight";
				LD_RUNPATH_SEARCH_PATHS = (
					"$(inherited)",
					"@executable_path/Frameworks",
				);
				MARKETING_VERSION = 1.0;
				PRODUCT_BUNDLE_IDENTIFIER = "study.AutiLayout-test";
				PRODUCT_NAME = "$(TARGET_NAME)";
				SWIFT_EMIT_LOC_STRINGS = YES;
				SWIFT_VERSION = 5.0;
				TARGETED_DEVICE_FAMILY = "1,2";
			};
			name = Debug;
		};
		0896F81829DC3175002DFC71 /* Release */ = {
			isa = XCBuildConfiguration;
			buildSettings = {
				ASSETCATALOG_COMPILER_APPICON_NAME = AppIcon;
				ASSETCATALOG_COMPILER_GLOBAL_ACCENT_COLOR_NAME = AccentColor;
				CODE_SIGN_STYLE = Automatic;
				CURRENT_PROJECT_VERSION = 1;
				DEVELOPMENT_ASSET_PATHS = "\"AutiLayout_test/Preview Content\"";
				DEVELOPMENT_TEAM = Z67635X56Y;
				ENABLE_PREVIEWS = YES;
				GENERATE_INFOPLIST_FILE = YES;
				INFOPLIST_KEY_UIApplicationSceneManifest_Generation = YES;
				INFOPLIST_KEY_UIApplicationSupportsIndirectInputEvents = YES;
				INFOPLIST_KEY_UILaunchScreen_Generation = YES;
				INFOPLIST_KEY_UISupportedInterfaceOrientations_iPad = "UIInterfaceOrientationPortrait UIInterfaceOrientationPortraitUpsideDown UIInterfaceOrientationLandscapeLeft UIInterfaceOrientationLandscapeRight";
				INFOPLIST_KEY_UISupportedInterfaceOrientations_iPhone = "UIInterfaceOrientationPortrait UIInterfaceOrientationLandscapeLeft UIInterfaceOrientationLandscapeRight";
				LD_RUNPATH_SEARCH_PATHS = (
					"$(inherited)",
					"@executable_path/Frameworks",
				);
				MARKETING_VERSION = 1.0;
				PRODUCT_BUNDLE_IDENTIFIER = "study.AutiLayout-test";
				PRODUCT_NAME = "$(TARGET_NAME)";
				SWIFT_EMIT_LOC_STRINGS = YES;
				SWIFT_VERSION = 5.0;
				TARGETED_DEVICE_FAMILY = "1,2";
			};
			name = Release;
		};
		0896F81A29DC3175002DFC71 /* Debug */ = {
			isa = XCBuildConfiguration;
			buildSettings = {
				ALWAYS_EMBED_SWIFT_STANDARD_LIBRARIES = YES;
				BUNDLE_LOADER = "$(TEST_HOST)";
				CODE_SIGN_STYLE = Automatic;
				CURRENT_PROJECT_VERSION = 1;
				DEVELOPMENT_TEAM = Z67635X56Y;
				GENERATE_INFOPLIST_FILE = YES;
				IPHONEOS_DEPLOYMENT_TARGET = 16.4;
				MARKETING_VERSION = 1.0;
				PRODUCT_BUNDLE_IDENTIFIER = "study.AutiLayout-testTests";
				PRODUCT_NAME = "$(TARGET_NAME)";
				SWIFT_EMIT_LOC_STRINGS = NO;
				SWIFT_VERSION = 5.0;
				TARGETED_DEVICE_FAMILY = "1,2";
				TEST_HOST = "$(BUILT_PRODUCTS_DIR)/AutiLayout_test.app/$(BUNDLE_EXECUTABLE_FOLDER_PATH)/AutiLayout_test";
			};
			name = Debug;
		};
		0896F81B29DC3175002DFC71 /* Release */ = {
			isa = XCBuildConfiguration;
			buildSettings = {
				ALWAYS_EMBED_SWIFT_STANDARD_LIBRARIES = YES;
				BUNDLE_LOADER = "$(TEST_HOST)";
				CODE_SIGN_STYLE = Automatic;
				CURRENT_PROJECT_VERSION = 1;
				DEVELOPMENT_TEAM = Z67635X56Y;
				GENERATE_INFOPLIST_FILE = YES;
				IPHONEOS_DEPLOYMENT_TARGET = 16.4;
				MARKETING_VERSION = 1.0;
				PRODUCT_BUNDLE_IDENTIFIER = "study.AutiLayout-testTests";
				PRODUCT_NAME = "$(TARGET_NAME)";
				SWIFT_EMIT_LOC_STRINGS = NO;
				SWIFT_VERSION = 5.0;
				TARGETED_DEVICE_FAMILY = "1,2";
				TEST_HOST = "$(BUILT_PRODUCTS_DIR)/AutiLayout_test.app/$(BUNDLE_EXECUTABLE_FOLDER_PATH)/AutiLayout_test";
			};
			name = Release;
		};
		0896F81D29DC3175002DFC71 /* Debug */ = {
			isa = XCBuildConfiguration;
			buildSettings = {
				ALWAYS_EMBED_SWIFT_STANDARD_LIBRARIES = YES;
				CODE_SIGN_STYLE = Automatic;
				CURRENT_PROJECT_VERSION = 1;
				DEVELOPMENT_TEAM = Z67635X56Y;
				GENERATE_INFOPLIST_FILE = YES;
				MARKETING_VERSION = 1.0;
				PRODUCT_BUNDLE_IDENTIFIER = "study.AutiLayout-testUITests";
				PRODUCT_NAME = "$(TARGET_NAME)";
				SWIFT_EMIT_LOC_STRINGS = NO;
				SWIFT_VERSION = 5.0;
				TARGETED_DEVICE_FAMILY = "1,2";
				TEST_TARGET_NAME = AutiLayout_test;
			};
			name = Debug;
		};
		0896F81E29DC3175002DFC71 /* Release */ = {
			isa = XCBuildConfiguration;
			buildSettings = {
				ALWAYS_EMBED_SWIFT_STANDARD_LIBRARIES = YES;
				CODE_SIGN_STYLE = Automatic;
				CURRENT_PROJECT_VERSION = 1;
				DEVELOPMENT_TEAM = Z67635X56Y;
				GENERATE_INFOPLIST_FILE = YES;
				MARKETING_VERSION = 1.0;
				PRODUCT_BUNDLE_IDENTIFIER = "study.AutiLayout-testUITests";
				PRODUCT_NAME = "$(TARGET_NAME)";
				SWIFT_EMIT_LOC_STRINGS = NO;
				SWIFT_VERSION = 5.0;
				TARGETED_DEVICE_FAMILY = "1,2";
				TEST_TARGET_NAME = AutiLayout_test;
			};
			name = Release;
		};
/* End XCBuildConfiguration section */

/* Begin XCConfigurationList section */
		0896F7ED29DC3173002DFC71 /* Build configuration list for PBXProject "AutiLayout_test" */ = {
			isa = XCConfigurationList;
			buildConfigurations = (
				0896F81429DC3175002DFC71 /* Debug */,
				0896F81529DC3175002DFC71 /* Release */,
			);
			defaultConfigurationIsVisible = 0;
			defaultConfigurationName = Release;
		};
		0896F81629DC3175002DFC71 /* Build configuration list for PBXNativeTarget "AutiLayout_test" */ = {
			isa = XCConfigurationList;
			buildConfigurations = (
				0896F81729DC3175002DFC71 /* Debug */,
				0896F81829DC3175002DFC71 /* Release */,
			);
			defaultConfigurationIsVisible = 0;
			defaultConfigurationName = Release;
		};
		0896F81929DC3175002DFC71 /* Build configuration list for PBXNativeTarget "AutiLayout_testTests" */ = {
			isa = XCConfigurationList;
			buildConfigurations = (
				0896F81A29DC3175002DFC71 /* Debug */,
				0896F81B29DC3175002DFC71 /* Release */,
			);
			defaultConfigurationIsVisible = 0;
			defaultConfigurationName = Release;
		};
		0896F81C29DC3175002DFC71 /* Build configuration list for PBXNativeTarget "AutiLayout_testUITests" */ = {
			isa = XCConfigurationList;
			buildConfigurations = (
				0896F81D29DC3175002DFC71 /* Debug */,
				0896F81E29DC3175002DFC71 /* Release */,
			);
			defaultConfigurationIsVisible = 0;
			defaultConfigurationName = Release;
		};
/* End XCConfigurationList section */
	};
	rootObject = 0896F7EA29DC3173002DFC71 /* Project object */;
}
